
Microsoft Visual Studio Solution File, Format Version 12.00
# Visual Studio 15
VisualStudioVersion = 15.0.28307.489
MinimumVisualStudioVersion = 10.0.40219.1
Project("{FAE04EC0-301F-11D3-BF4B-00C04F79EFBC}") = "SerialReader", "SerialReader\SerialReader.csproj", "{1B433F2A-DDDD-4B6E-8458-0C02007F4EB5}"
EndProject
Global
	GlobalSection(SolutionConfigurationPlatforms) = preSolution
		Debug|Any CPU = Debug|Any CPU
		Release|Any CPU = Release|Any CPU
	EndGlobalSection
	GlobalSection(ProjectConfigurationPlatforms) = postSolution
		{1B433F2A-DDDD-4B6E-8458-0C02007F4EB5}.Debug|Any CPU.ActiveCfg = Debug|Any CPU
		{1B433F2A-DDDD-4B6E-8458-0C02007F4EB5}.Debug|Any CPU.Build.0 = Debug|Any CPU
		{1B433F2A-DDDD-4B6E-8458-0C02007F4EB5}.Release|Any CPU.ActiveCfg = Release|Any CPU
		{1B433F2A-DDDD-4B6E-8458-0C02007F4EB5}.Release|Any CPU.Build.0 = Release|Any CPU
	EndGlobalSection
	GlobalSection(SolutionProperties) = preSolution
		HideSolutionNode = FALSE
	EndGlobalSection
	GlobalSection(ExtensibilityGlobals) = postSolution
		SolutionGuid = {FCC7FAE4-F9EC-439A-96BD-6CA6ED32E508}
	EndGlobalSection
EndGlobal
